PODS:
  - DACircularProgress (2.3.1)
  - IDMPhotoBrowser (1.8.4):
    - DACircularProgress
    - pop
    - SDWebImage
  - pop (1.0.9)
  - SDWebImage (3.8.1):
    - SDWebImage/Core (= 3.8.1)
  - SDWebImage/Core (3.8.1)

DEPENDENCIES:
  - IDMPhotoBrowser

SPEC CHECKSUMS:
  DACircularProgress: 4dd437c0fc3da5161cb289e07ac449493d41db71
  IDMPhotoBrowser: b574fe3229754e701f32df271afbc4ac7e4e1997
  pop: f667631a5108a2e60d9e8797c9b32ddaf2080bce
  SDWebImage: 35f9627a3e44b4f292a8a8ce6a531fa488239b91

PODFILE CHECKSUM: 6b0f23cc976e5c3773cf25d1ccd172e867a1f5ff

COCOAPODS: 1.2.0.rc.1
