PODS:
  - DACircularProgress (2.3.1)
  - IDMPhotoBrowser (1.11.3):
    - DACircularProgress
    - pop
    - SDWebImage (= 4.0.0)
  - JCore (1.1.5)
  - JPush (3.0.6):
    - JCore (~> 1.1.1)
  - Masonry (1.0.2)
  - Meiqia (3.4.5):
    - Meiqia/MeiqiaSDK (= 3.4.5)
    - Meiqia/MQChatViewController (= 3.4.5)
  - Meiqia/MeiqiaSDK (3.4.5)
  - Meiqia/MQChatViewController (3.4.5):
    - Meiqia/MeiqiaSDK
  - MJExtension (3.0.13)
  - pop (1.0.10)
  - SDCycleScrollView (1.73):
    - SDWebImage (~> 4.0.0)
  - SDWebImage (4.0.0):
    - SDWebImage/Core (= 4.0.0)
  - SDWebImage/Core (4.0.0)
  - ZFPlayer (2.1.5):
    - Masonry

DEPENDENCIES:
  - IDMPhotoBrowser
  - JPush
  - Meiqia
  - MJExtension
  - SDCycleScrollView
  - ZFPlayer

SPEC REPOS:
  https://github.com/CocoaPods/Specs.git:
    - DACircularProgress
    - IDMPhotoBrowser
    - JCore
    - JPush
    - Masonry
    - Meiqia
    - MJExtension
    - pop
    - SDCycleScrollView
    - SDWebImage
    - ZFPlayer

SPEC CHECKSUMS:
  DACircularProgress: 4dd437c0fc3da5161cb289e07ac449493d41db71
  IDMPhotoBrowser: b96159fe4adb991a844068eb17dab9c0b7d7e51a
  JCore: 9bd9c770c877c583d98b90a68792b8361974c231
  JPush: c41be50eb1a574a66aeb68d237f00a4ec6ec3a82
  Masonry: 7c429b56da9d4ee0bbb3ed77a5ea710d6a5df39e
  Meiqia: 17055d9abb1269243d82d9d8adb27151a1b6ef40
  MJExtension: 5932755f451458eefa24239358817f8d291240c7
  pop: 82ca6b068ce9278fd350fd9dd09482a0ce9492e6
  SDCycleScrollView: d0fd5fe40a80918371fd8939214eb3be81033d83
  SDWebImage: 76a6348bdc74eb5a55dd08a091ef298e56b55e41
  ZFPlayer: 8a80bf8eb4638b97fbceaefcd3ca9978e9f17c9d

PODFILE CHECKSUM: dafcd3726e28e8a7f4b2663ba8f5911253896adc

COCOAPODS: 1.5.0
